
Microsoft Visual Studio Solution File, Format Version 12.00
# Visual Studio Version 17
VisualStudioVersion = 17.3.32804.467
MinimumVisualStudioVersion = 10.0.40219.1
Project("{9A19103F-16F7-4668-BE54-9A1E7A4F7556}") = "Array of numbers", "Array of numbers\Array of numbers.csproj", "{DDC3685F-291A-4042-9BF2-B1295A71059B}"
EndProject
Project("{9A19103F-16F7-4668-BE54-9A1E7A4F7556}") = "two-dimensional array", "two-dimensional array\two-dimensional array.csproj", "{21CBC83A-B109-4762-AAEA-C6A1CAB053DD}"
EndProject
Project("{FAE04EC0-301F-11D3-BF4B-00C04F79EFBC}") = "Translator", "Translator\Translator.csproj", "{8AF425C5-C762-4EBF-85A4-CAE4A51FCBDA}"
EndProject
Global
	GlobalSection(SolutionConfigurationPlatforms) = preSolution
		Debug|Any CPU = Debug|Any CPU
		Release|Any CPU = Release|Any CPU
	EndGlobalSection
	GlobalSection(ProjectConfigurationPlatforms) = postSolution
		{DDC3685F-291A-4042-9BF2-B1295A71059B}.Debug|Any CPU.ActiveCfg = Debug|Any CPU
		{DDC3685F-291A-4042-9BF2-B1295A71059B}.Debug|Any CPU.Build.0 = Debug|Any CPU
		{DDC3685F-291A-4042-9BF2-B1295A71059B}.Release|Any CPU.ActiveCfg = Release|Any CPU
		{DDC3685F-291A-4042-9BF2-B1295A71059B}.Release|Any CPU.Build.0 = Release|Any CPU
		{21CBC83A-B109-4762-AAEA-C6A1CAB053DD}.Debug|Any CPU.ActiveCfg = Debug|Any CPU
		{21CBC83A-B109-4762-AAEA-C6A1CAB053DD}.Debug|Any CPU.Build.0 = Debug|Any CPU
		{21CBC83A-B109-4762-AAEA-C6A1CAB053DD}.Release|Any CPU.ActiveCfg = Release|Any CPU
		{21CBC83A-B109-4762-AAEA-C6A1CAB053DD}.Release|Any CPU.Build.0 = Release|Any CPU
		{8AF425C5-C762-4EBF-85A4-CAE4A51FCBDA}.Debug|Any CPU.ActiveCfg = Debug|Any CPU
		{8AF425C5-C762-4EBF-85A4-CAE4A51FCBDA}.Debug|Any CPU.Build.0 = Debug|Any CPU
		{8AF425C5-C762-4EBF-85A4-CAE4A51FCBDA}.Release|Any CPU.ActiveCfg = Release|Any CPU
		{8AF425C5-C762-4EBF-85A4-CAE4A51FCBDA}.Release|Any CPU.Build.0 = Release|Any CPU
	EndGlobalSection
	GlobalSection(SolutionProperties) = preSolution
		HideSolutionNode = FALSE
	EndGlobalSection
	GlobalSection(ExtensibilityGlobals) = postSolution
		SolutionGuid = {D250B9D7-EB30-4232-A493-D6FE15920ACF}
	EndGlobalSection
EndGlobal
